
Microsoft Visual Studio Solution File, Format Version 12.00
# Visual Studio Version 16
VisualStudioVersion = 16.0.29519.87
MinimumVisualStudioVersion = 10.0.40219.1
Project("{FAE04EC0-301F-11D3-BF4B-00C04F79EFBC}") = "BE", "BE\BE.csproj", "{9032D316-B302-4806-96B1-FA65A77B0502}"
EndProject
Project("{FAE04EC0-301F-11D3-BF4B-00C04F79EFBC}") = "Utilities", "Utilities\Utilities.csproj", "{6942CAC4-3F3A-4F5C-B42F-03CEFEC2E264}"
EndProject
Project("{FAE04EC0-301F-11D3-BF4B-00C04F79EFBC}") = "IDAL", "IDAL\IDAL.csproj", "{6D5F2CB0-DCFD-4A88-B73F-895E424D6F69}"
EndProject
Project("{FAE04EC0-301F-11D3-BF4B-00C04F79EFBC}") = "BL", "BL\BL.csproj", "{87B70605-FA87-42AB-8255-562DAC54C914}"
EndProject
Global
	GlobalSection(SolutionConfigurationPlatforms) = preSolution
		Debug|Any CPU = Debug|Any CPU
		Release|Any CPU = Release|Any CPU
	EndGlobalSection
	GlobalSection(ProjectConfigurationPlatforms) = postSolution
		{9032D316-B302-4806-96B1-FA65A77B0502}.Debug|Any CPU.ActiveCfg = Debug|Any CPU
		{9032D316-B302-4806-96B1-FA65A77B0502}.Debug|Any CPU.Build.0 = Debug|Any CPU
		{9032D316-B302-4806-96B1-FA65A77B0502}.Release|Any CPU.ActiveCfg = Release|Any CPU
		{9032D316-B302-4806-96B1-FA65A77B0502}.Release|Any CPU.Build.0 = Release|Any CPU
		{6942CAC4-3F3A-4F5C-B42F-03CEFEC2E264}.Debug|Any CPU.ActiveCfg = Debug|Any CPU
		{6942CAC4-3F3A-4F5C-B42F-03CEFEC2E264}.Debug|Any CPU.Build.0 = Debug|Any CPU
		{6942CAC4-3F3A-4F5C-B42F-03CEFEC2E264}.Release|Any CPU.ActiveCfg = Release|Any CPU
		{6942CAC4-3F3A-4F5C-B42F-03CEFEC2E264}.Release|Any CPU.Build.0 = Release|Any CPU
		{6D5F2CB0-DCFD-4A88-B73F-895E424D6F69}.Debug|Any CPU.ActiveCfg = Debug|Any CPU
		{6D5F2CB0-DCFD-4A88-B73F-895E424D6F69}.Debug|Any CPU.Build.0 = Debug|Any CPU
		{6D5F2CB0-DCFD-4A88-B73F-895E424D6F69}.Release|Any CPU.ActiveCfg = Release|Any CPU
		{6D5F2CB0-DCFD-4A88-B73F-895E424D6F69}.Release|Any CPU.Build.0 = Release|Any CPU
		{87B70605-FA87-42AB-8255-562DAC54C914}.Debug|Any CPU.ActiveCfg = Debug|Any CPU
		{87B70605-FA87-42AB-8255-562DAC54C914}.Debug|Any CPU.Build.0 = Debug|Any CPU
		{87B70605-FA87-42AB-8255-562DAC54C914}.Release|Any CPU.ActiveCfg = Release|Any CPU
		{87B70605-FA87-42AB-8255-562DAC54C914}.Release|Any CPU.Build.0 = Release|Any CPU
	EndGlobalSection
	GlobalSection(SolutionProperties) = preSolution
		HideSolutionNode = FALSE
	EndGlobalSection
	GlobalSection(ExtensibilityGlobals) = postSolution
		SolutionGuid = {8B51DCE0-21A9-48D7-B917-1CD7CDE50DFB}
	EndGlobalSection
EndGlobal
